
Microsoft Visual Studio Solution File, Format Version 12.00
Project("{2150E333-8FDC-42A3-9474-1A3956D46DE8}") = "BuildingBlocks", "BuildingBlocks", "{A614B7F9-0993-4E19-B91D-1E3B35AA1BD7}"
EndProject
Project("{FAE04EC0-301F-11D3-BF4B-00C04F79EFBC}") = "BuildingBlocks.Domain", "BuildingBlocks\Domain\BuildingBlocks.Domain.csproj", "{14A43C09-9522-4349-BF9D-92CE2E22BEF8}"
EndProject
Project("{FAE04EC0-301F-11D3-BF4B-00C04F79EFBC}") = "BuildingBlocks.Application", "BuildingBlocks\Application\BuildingBlocks.Application.csproj", "{C14A25B1-8DA3-4708-BAF6-A87E306C08E4}"
EndProject
Project("{FAE04EC0-301F-11D3-BF4B-00C04F79EFBC}") = "BuildingBlocks.Infrastructure", "BuildingBlocks\Infrastructure\BuildingBlocks.Infrastructure.csproj", "{1D6C38B8-F6E1-4744-8D94-B59E85BFECDD}"
EndProject
Project("{2150E333-8FDC-42A3-9474-1A3956D46DE8}") = "API", "API", "{EF28752C-9588-4544-8D59-3F49CFE76B19}"
EndProject
Project("{FAE04EC0-301F-11D3-BF4B-00C04F79EFBC}") = "API", "API\API.csproj", "{2EBDFEB3-A21C-4655-A3B5-9AB501DB3D11}"
EndProject
Project("{2150E333-8FDC-42A3-9474-1A3956D46DE8}") = "Modules", "Modules", "{CFDAD742-B9A9-48DB-908F-1A790C5AA9D0}"
EndProject
Project("{2150E333-8FDC-42A3-9474-1A3956D46DE8}") = "UserAccess", "UserAccess", "{E711B3B7-F785-4340-8BE4-542F6BE2280A}"
EndProject
Project("{FAE04EC0-301F-11D3-BF4B-00C04F79EFBC}") = "Modules.UserAccess.Infrastructure", "Modules\UserAccess\Infrastructure\Modules.UserAccess.Infrastructure.csproj", "{61ED5F6E-F4ED-4579-8913-33410B5D8333}"
EndProject
Project("{FAE04EC0-301F-11D3-BF4B-00C04F79EFBC}") = "Modules.UserAccess.Application", "Modules\UserAccess\Application\Modules.UserAccess.Application.csproj", "{04275137-CB89-4217-B8A6-895D6F2FDD78}"
EndProject
Project("{FAE04EC0-301F-11D3-BF4B-00C04F79EFBC}") = "Modules.UserAccess.Domain", "Modules\UserAccess\Domain\Modules.UserAccess.Domain.csproj", "{1BCF514D-29B0-4383-B693-934667AA567F}"
EndProject
Project("{FAE04EC0-301F-11D3-BF4B-00C04F79EFBC}") = "Modules.UserAccess.IntegrationEvents", "Modules\UserAccess\IntegrationEvents\Modules.UserAccess.IntegrationEvents.csproj", "{9E87B597-EB04-42DC-9AF2-84BAC8D87C59}"
EndProject
Project("{2150E333-8FDC-42A3-9474-1A3956D46DE8}") = "Sport", "Sport", "{2B08CF8C-F739-4ED2-B670-45CAB7DC9463}"
EndProject
Project("{FAE04EC0-301F-11D3-BF4B-00C04F79EFBC}") = "Modules.Sport.Application", "Modules\Sport\Application\Modules.Sport.Application.csproj", "{9EF70B2B-2579-4DED-967B-DED6BDD2D603}"
EndProject
Project("{FAE04EC0-301F-11D3-BF4B-00C04F79EFBC}") = "Modules.Sport.Infrastructure", "Modules\Sport\Infrastructure\Modules.Sport.Infrastructure.csproj", "{DA47408B-7FC4-44F2-874B-D5D710E0FB9F}"
EndProject
Project("{FAE04EC0-301F-11D3-BF4B-00C04F79EFBC}") = "Modules.Sport.Domain", "Modules\Sport\Domain\Modules.Sport.Domain.csproj", "{A261EB97-659A-4555-82C2-B17EB1D96D20}"
EndProject
Project("{FAE04EC0-301F-11D3-BF4B-00C04F79EFBC}") = "Modules.Sport.IntegrationEvents", "Modules\Sport\IntegrationEvents\Modules.Sport.IntegrationEvents.csproj", "{32737C51-FC86-4469-8676-5A3767E9E189}"
EndProject
Project("{2150E333-8FDC-42A3-9474-1A3956D46DE8}") = "Events", "Events", "{831DEE52-D531-4325-BFDD-148A11A5A341}"
EndProject
Project("{FAE04EC0-301F-11D3-BF4B-00C04F79EFBC}") = "Modules.Events.Application", "Modules\Events\Application\Modules.Events.Application.csproj", "{CFB7EC1A-F010-4F5F-BAE9-7DA4A6A5A597}"
EndProject
Project("{FAE04EC0-301F-11D3-BF4B-00C04F79EFBC}") = "Modules.Events.Domain", "Modules\Events\Domain\Modules.Events.Domain.csproj", "{EBD9DC86-CF41-4F18-80ED-303D26B1A5D3}"
EndProject
Project("{FAE04EC0-301F-11D3-BF4B-00C04F79EFBC}") = "Modules.Events.Infrastructure", "Modules\Events\Infrastructure\Modules.Events.Infrastructure.csproj", "{E0252E66-0B9C-47D4-9E6C-E3448F9412FB}"
EndProject
Project("{FAE04EC0-301F-11D3-BF4B-00C04F79EFBC}") = "Modules.Events.IntegrationEvents", "Modules\Events\IntegrationEvents\Modules.Events.IntegrationEvents.csproj", "{DD219B1B-FCF0-4FAA-A1BB-81833B41F844}"
EndProject
Project("{2150E333-8FDC-42A3-9474-1A3956D46DE8}") = "Configuration", "Configuration", "{23EB4BCF-368C-4BFB-8781-FB9F6B44AD5B}"
	ProjectSection(SolutionItems) = preProject
		secrets.json = secrets.json
		docker-compose.yml = docker-compose.yml
		.gitignore = .gitignore
		README.md = README.md
	EndProjectSection
EndProject
Global
	GlobalSection(SolutionConfigurationPlatforms) = preSolution
		Debug|Any CPU = Debug|Any CPU
		Release|Any CPU = Release|Any CPU
	EndGlobalSection
	GlobalSection(ProjectConfigurationPlatforms) = postSolution
		{14A43C09-9522-4349-BF9D-92CE2E22BEF8}.Debug|Any CPU.ActiveCfg = Debug|Any CPU
		{14A43C09-9522-4349-BF9D-92CE2E22BEF8}.Debug|Any CPU.Build.0 = Debug|Any CPU
		{14A43C09-9522-4349-BF9D-92CE2E22BEF8}.Release|Any CPU.ActiveCfg = Release|Any CPU
		{14A43C09-9522-4349-BF9D-92CE2E22BEF8}.Release|Any CPU.Build.0 = Release|Any CPU
		{C14A25B1-8DA3-4708-BAF6-A87E306C08E4}.Debug|Any CPU.ActiveCfg = Debug|Any CPU
		{C14A25B1-8DA3-4708-BAF6-A87E306C08E4}.Debug|Any CPU.Build.0 = Debug|Any CPU
		{C14A25B1-8DA3-4708-BAF6-A87E306C08E4}.Release|Any CPU.ActiveCfg = Release|Any CPU
		{C14A25B1-8DA3-4708-BAF6-A87E306C08E4}.Release|Any CPU.Build.0 = Release|Any CPU
		{1D6C38B8-F6E1-4744-8D94-B59E85BFECDD}.Debug|Any CPU.ActiveCfg = Debug|Any CPU
		{1D6C38B8-F6E1-4744-8D94-B59E85BFECDD}.Debug|Any CPU.Build.0 = Debug|Any CPU
		{1D6C38B8-F6E1-4744-8D94-B59E85BFECDD}.Release|Any CPU.ActiveCfg = Release|Any CPU
		{1D6C38B8-F6E1-4744-8D94-B59E85BFECDD}.Release|Any CPU.Build.0 = Release|Any CPU
		{2EBDFEB3-A21C-4655-A3B5-9AB501DB3D11}.Debug|Any CPU.ActiveCfg = Debug|Any CPU
		{2EBDFEB3-A21C-4655-A3B5-9AB501DB3D11}.Debug|Any CPU.Build.0 = Debug|Any CPU
		{2EBDFEB3-A21C-4655-A3B5-9AB501DB3D11}.Release|Any CPU.ActiveCfg = Release|Any CPU
		{2EBDFEB3-A21C-4655-A3B5-9AB501DB3D11}.Release|Any CPU.Build.0 = Release|Any CPU
		{61ED5F6E-F4ED-4579-8913-33410B5D8333}.Debug|Any CPU.ActiveCfg = Debug|Any CPU
		{61ED5F6E-F4ED-4579-8913-33410B5D8333}.Debug|Any CPU.Build.0 = Debug|Any CPU
		{61ED5F6E-F4ED-4579-8913-33410B5D8333}.Release|Any CPU.ActiveCfg = Release|Any CPU
		{61ED5F6E-F4ED-4579-8913-33410B5D8333}.Release|Any CPU.Build.0 = Release|Any CPU
		{04275137-CB89-4217-B8A6-895D6F2FDD78}.Debug|Any CPU.ActiveCfg = Debug|Any CPU
		{04275137-CB89-4217-B8A6-895D6F2FDD78}.Debug|Any CPU.Build.0 = Debug|Any CPU
		{04275137-CB89-4217-B8A6-895D6F2FDD78}.Release|Any CPU.ActiveCfg = Release|Any CPU
		{04275137-CB89-4217-B8A6-895D6F2FDD78}.Release|Any CPU.Build.0 = Release|Any CPU
		{1BCF514D-29B0-4383-B693-934667AA567F}.Debug|Any CPU.ActiveCfg = Debug|Any CPU
		{1BCF514D-29B0-4383-B693-934667AA567F}.Debug|Any CPU.Build.0 = Debug|Any CPU
		{1BCF514D-29B0-4383-B693-934667AA567F}.Release|Any CPU.ActiveCfg = Release|Any CPU
		{1BCF514D-29B0-4383-B693-934667AA567F}.Release|Any CPU.Build.0 = Release|Any CPU
		{9E87B597-EB04-42DC-9AF2-84BAC8D87C59}.Debug|Any CPU.ActiveCfg = Debug|Any CPU
		{9E87B597-EB04-42DC-9AF2-84BAC8D87C59}.Debug|Any CPU.Build.0 = Debug|Any CPU
		{9E87B597-EB04-42DC-9AF2-84BAC8D87C59}.Release|Any CPU.ActiveCfg = Release|Any CPU
		{9E87B597-EB04-42DC-9AF2-84BAC8D87C59}.Release|Any CPU.Build.0 = Release|Any CPU
		{9EF70B2B-2579-4DED-967B-DED6BDD2D603}.Debug|Any CPU.ActiveCfg = Debug|Any CPU
		{9EF70B2B-2579-4DED-967B-DED6BDD2D603}.Debug|Any CPU.Build.0 = Debug|Any CPU
		{9EF70B2B-2579-4DED-967B-DED6BDD2D603}.Release|Any CPU.ActiveCfg = Release|Any CPU
		{9EF70B2B-2579-4DED-967B-DED6BDD2D603}.Release|Any CPU.Build.0 = Release|Any CPU
		{DA47408B-7FC4-44F2-874B-D5D710E0FB9F}.Debug|Any CPU.ActiveCfg = Debug|Any CPU
		{DA47408B-7FC4-44F2-874B-D5D710E0FB9F}.Debug|Any CPU.Build.0 = Debug|Any CPU
		{DA47408B-7FC4-44F2-874B-D5D710E0FB9F}.Release|Any CPU.ActiveCfg = Release|Any CPU
		{DA47408B-7FC4-44F2-874B-D5D710E0FB9F}.Release|Any CPU.Build.0 = Release|Any CPU
		{A261EB97-659A-4555-82C2-B17EB1D96D20}.Debug|Any CPU.ActiveCfg = Debug|Any CPU
		{A261EB97-659A-4555-82C2-B17EB1D96D20}.Debug|Any CPU.Build.0 = Debug|Any CPU
		{A261EB97-659A-4555-82C2-B17EB1D96D20}.Release|Any CPU.ActiveCfg = Release|Any CPU
		{A261EB97-659A-4555-82C2-B17EB1D96D20}.Release|Any CPU.Build.0 = Release|Any CPU
		{32737C51-FC86-4469-8676-5A3767E9E189}.Debug|Any CPU.ActiveCfg = Debug|Any CPU
		{32737C51-FC86-4469-8676-5A3767E9E189}.Debug|Any CPU.Build.0 = Debug|Any CPU
		{32737C51-FC86-4469-8676-5A3767E9E189}.Release|Any CPU.ActiveCfg = Release|Any CPU
		{32737C51-FC86-4469-8676-5A3767E9E189}.Release|Any CPU.Build.0 = Release|Any CPU
		{CFB7EC1A-F010-4F5F-BAE9-7DA4A6A5A597}.Debug|Any CPU.ActiveCfg = Debug|Any CPU
		{CFB7EC1A-F010-4F5F-BAE9-7DA4A6A5A597}.Debug|Any CPU.Build.0 = Debug|Any CPU
		{CFB7EC1A-F010-4F5F-BAE9-7DA4A6A5A597}.Release|Any CPU.ActiveCfg = Release|Any CPU
		{CFB7EC1A-F010-4F5F-BAE9-7DA4A6A5A597}.Release|Any CPU.Build.0 = Release|Any CPU
		{EBD9DC86-CF41-4F18-80ED-303D26B1A5D3}.Debug|Any CPU.ActiveCfg = Debug|Any CPU
		{EBD9DC86-CF41-4F18-80ED-303D26B1A5D3}.Debug|Any CPU.Build.0 = Debug|Any CPU
		{EBD9DC86-CF41-4F18-80ED-303D26B1A5D3}.Release|Any CPU.ActiveCfg = Release|Any CPU
		{EBD9DC86-CF41-4F18-80ED-303D26B1A5D3}.Release|Any CPU.Build.0 = Release|Any CPU
		{E0252E66-0B9C-47D4-9E6C-E3448F9412FB}.Debug|Any CPU.ActiveCfg = Debug|Any CPU
		{E0252E66-0B9C-47D4-9E6C-E3448F9412FB}.Debug|Any CPU.Build.0 = Debug|Any CPU
		{E0252E66-0B9C-47D4-9E6C-E3448F9412FB}.Release|Any CPU.ActiveCfg = Release|Any CPU
		{E0252E66-0B9C-47D4-9E6C-E3448F9412FB}.Release|Any CPU.Build.0 = Release|Any CPU
		{DD219B1B-FCF0-4FAA-A1BB-81833B41F844}.Debug|Any CPU.ActiveCfg = Debug|Any CPU
		{DD219B1B-FCF0-4FAA-A1BB-81833B41F844}.Debug|Any CPU.Build.0 = Debug|Any CPU
		{DD219B1B-FCF0-4FAA-A1BB-81833B41F844}.Release|Any CPU.ActiveCfg = Release|Any CPU
		{DD219B1B-FCF0-4FAA-A1BB-81833B41F844}.Release|Any CPU.Build.0 = Release|Any CPU
	EndGlobalSection
	GlobalSection(NestedProjects) = preSolution
		{14A43C09-9522-4349-BF9D-92CE2E22BEF8} = {A614B7F9-0993-4E19-B91D-1E3B35AA1BD7}
		{C14A25B1-8DA3-4708-BAF6-A87E306C08E4} = {A614B7F9-0993-4E19-B91D-1E3B35AA1BD7}
		{1D6C38B8-F6E1-4744-8D94-B59E85BFECDD} = {A614B7F9-0993-4E19-B91D-1E3B35AA1BD7}
		{2EBDFEB3-A21C-4655-A3B5-9AB501DB3D11} = {EF28752C-9588-4544-8D59-3F49CFE76B19}
		{E711B3B7-F785-4340-8BE4-542F6BE2280A} = {CFDAD742-B9A9-48DB-908F-1A790C5AA9D0}
		{61ED5F6E-F4ED-4579-8913-33410B5D8333} = {E711B3B7-F785-4340-8BE4-542F6BE2280A}
		{04275137-CB89-4217-B8A6-895D6F2FDD78} = {E711B3B7-F785-4340-8BE4-542F6BE2280A}
		{1BCF514D-29B0-4383-B693-934667AA567F} = {E711B3B7-F785-4340-8BE4-542F6BE2280A}
		{9E87B597-EB04-42DC-9AF2-84BAC8D87C59} = {E711B3B7-F785-4340-8BE4-542F6BE2280A}
		{2B08CF8C-F739-4ED2-B670-45CAB7DC9463} = {CFDAD742-B9A9-48DB-908F-1A790C5AA9D0}
		{9EF70B2B-2579-4DED-967B-DED6BDD2D603} = {2B08CF8C-F739-4ED2-B670-45CAB7DC9463}
		{DA47408B-7FC4-44F2-874B-D5D710E0FB9F} = {2B08CF8C-F739-4ED2-B670-45CAB7DC9463}
		{A261EB97-659A-4555-82C2-B17EB1D96D20} = {2B08CF8C-F739-4ED2-B670-45CAB7DC9463}
		{32737C51-FC86-4469-8676-5A3767E9E189} = {2B08CF8C-F739-4ED2-B670-45CAB7DC9463}
		{831DEE52-D531-4325-BFDD-148A11A5A341} = {CFDAD742-B9A9-48DB-908F-1A790C5AA9D0}
		{CFB7EC1A-F010-4F5F-BAE9-7DA4A6A5A597} = {831DEE52-D531-4325-BFDD-148A11A5A341}
		{EBD9DC86-CF41-4F18-80ED-303D26B1A5D3} = {831DEE52-D531-4325-BFDD-148A11A5A341}
		{E0252E66-0B9C-47D4-9E6C-E3448F9412FB} = {831DEE52-D531-4325-BFDD-148A11A5A341}
		{DD219B1B-FCF0-4FAA-A1BB-81833B41F844} = {831DEE52-D531-4325-BFDD-148A11A5A341}
	EndGlobalSection
EndGlobal
